
Microsoft Visual Studio Solution File, Format Version 12.00
# Visual Studio Version 17
VisualStudioVersion = 17.10.35027.167
MinimumVisualStudioVersion = 10.0.40219.1
Project("{FAE04EC0-301F-11D3-BF4B-00C04F79EFBC}") = "eLibrary", "eLibrary\eLibrary.csproj", "{C1D4783A-E3AA-4EFD-B0D6-A5EA109DBE40}"
EndProject
Global
	GlobalSection(SolutionConfigurationPlatforms) = preSolution
		Debug|Any CPU = Debug|Any CPU
		Release|Any CPU = Release|Any CPU
	EndGlobalSection
	GlobalSection(ProjectConfigurationPlatforms) = postSolution
		{C1D4783A-E3AA-4EFD-B0D6-A5EA109DBE40}.Debug|Any CPU.ActiveCfg = Debug|Any CPU
		{C1D4783A-E3AA-4EFD-B0D6-A5EA109DBE40}.Debug|Any CPU.Build.0 = Debug|Any CPU
		{C1D4783A-E3AA-4EFD-B0D6-A5EA109DBE40}.Release|Any CPU.ActiveCfg = Release|Any CPU
		{C1D4783A-E3AA-4EFD-B0D6-A5EA109DBE40}.Release|Any CPU.Build.0 = Release|Any CPU
	EndGlobalSection
	GlobalSection(SolutionProperties) = preSolution
		HideSolutionNode = FALSE
	EndGlobalSection
	GlobalSection(ExtensibilityGlobals) = postSolution
		SolutionGuid = {86DA13B5-72E0-446A-BE44-5E70635A7492}
	EndGlobalSection
EndGlobal
